
Microsoft Visual Studio Solution File, Format Version 12.00
# Visual Studio Version 17
VisualStudioVersion = 17.8.34511.84
MinimumVisualStudioVersion = 10.0.40219.1
Project("{FAE04EC0-301F-11D3-BF4B-00C04F79EFBC}") = "CreateBolFlow", "CreateBolFlow.csproj", "{FD6EF87C-3000-44FE-94E8-3311445680A8}"
EndProject
Global
	GlobalSection(SolutionConfigurationPlatforms) = preSolution
		Debug|Any CPU = Debug|Any CPU
		Release|Any CPU = Release|Any CPU
	EndGlobalSection
	GlobalSection(ProjectConfigurationPlatforms) = postSolution
		{FD6EF87C-3000-44FE-94E8-3311445680A8}.Debug|Any CPU.ActiveCfg = Debug|Any CPU
		{FD6EF87C-3000-44FE-94E8-3311445680A8}.Debug|Any CPU.Build.0 = Debug|Any CPU
		{FD6EF87C-3000-44FE-94E8-3311445680A8}.Release|Any CPU.ActiveCfg = Release|Any CPU
		{FD6EF87C-3000-44FE-94E8-3311445680A8}.Release|Any CPU.Build.0 = Release|Any CPU
	EndGlobalSection
	GlobalSection(SolutionProperties) = preSolution
		HideSolutionNode = FALSE
	EndGlobalSection
	GlobalSection(ExtensibilityGlobals) = postSolution
		SolutionGuid = {EBD719EB-68EC-427D-83C8-171008BF3BAF}
	EndGlobalSection
EndGlobal
